
Microsoft Visual Studio Solution File, Format Version 12.00
# Visual Studio Version 16
VisualStudioVersion = 16.0.29613.14
MinimumVisualStudioVersion = 10.0.40219.1
Project("{FAE04EC0-301F-11D3-BF4B-00C04F79EFBC}") = "Perfume", "Perfume.csproj", "{16C919FD-92BD-4F58-AC44-B3900E58250F}"
EndProject
Global
	GlobalSection(SolutionConfigurationPlatforms) = preSolution
		Debug|Any CPU = Debug|Any CPU
		Release|Any CPU = Release|Any CPU
	EndGlobalSection
	GlobalSection(ProjectConfigurationPlatforms) = postSolution
		{16C919FD-92BD-4F58-AC44-B3900E58250F}.Debug|Any CPU.ActiveCfg = Debug|Any CPU
		{16C919FD-92BD-4F58-AC44-B3900E58250F}.Debug|Any CPU.Build.0 = Debug|Any CPU
		{16C919FD-92BD-4F58-AC44-B3900E58250F}.Release|Any CPU.ActiveCfg = Release|Any CPU
		{16C919FD-92BD-4F58-AC44-B3900E58250F}.Release|Any CPU.Build.0 = Release|Any CPU
	EndGlobalSection
	GlobalSection(SolutionProperties) = preSolution
		HideSolutionNode = FALSE
	EndGlobalSection
	GlobalSection(ExtensibilityGlobals) = postSolution
		SolutionGuid = {52CE5EC1-7223-409C-89B6-3697D7A579FD}
	EndGlobalSection
EndGlobal
